
Microsoft Visual Studio Solution File, Format Version 12.00
# Visual Studio Version 17
VisualStudioVersion = 17.7.34221.43
MinimumVisualStudioVersion = 10.0.40219.1
Project("{9A19103F-16F7-4668-BE54-9A1E7A4F7556}") = "TaxiHereAPI", "TaxiHereAPI\TaxiHereAPI.csproj", "{996164CE-9208-40C7-A3D1-C620105BB62E}"
EndProject
Project("{9A19103F-16F7-4668-BE54-9A1E7A4F7556}") = "TaxiHereMobile", "TaxiHereMobile\TaxiHereMobile.csproj", "{0BD5C076-AFCB-4964-AF84-9820E857C4A4}"
EndProject
Project("{FAE04EC0-301F-11D3-BF4B-00C04F79EFBC}") = "TaxiHDataTransferObjects", "TaxiHDataTransferObjects\TaxiHDataTransferObjects.csproj", "{D4E0347F-23E1-47E1-B2FA-66C4F9E3F43C}"
EndProject
Project("{FAE04EC0-301F-11D3-BF4B-00C04F79EFBC}") = "TaxiHDbContext", "TaxiHDbContext\TaxiHDbContext.csproj", "{38C03050-877C-49F9-99EE-8278B380E7C7}"
EndProject
Global
	GlobalSection(SolutionConfigurationPlatforms) = preSolution
		Debug|Any CPU = Debug|Any CPU
		Release|Any CPU = Release|Any CPU
	EndGlobalSection
	GlobalSection(ProjectConfigurationPlatforms) = postSolution
		{996164CE-9208-40C7-A3D1-C620105BB62E}.Debug|Any CPU.ActiveCfg = Debug|Any CPU
		{996164CE-9208-40C7-A3D1-C620105BB62E}.Debug|Any CPU.Build.0 = Debug|Any CPU
		{996164CE-9208-40C7-A3D1-C620105BB62E}.Release|Any CPU.ActiveCfg = Release|Any CPU
		{996164CE-9208-40C7-A3D1-C620105BB62E}.Release|Any CPU.Build.0 = Release|Any CPU
		{0BD5C076-AFCB-4964-AF84-9820E857C4A4}.Debug|Any CPU.ActiveCfg = Debug|Any CPU
		{0BD5C076-AFCB-4964-AF84-9820E857C4A4}.Debug|Any CPU.Build.0 = Debug|Any CPU
		{0BD5C076-AFCB-4964-AF84-9820E857C4A4}.Debug|Any CPU.Deploy.0 = Debug|Any CPU
		{0BD5C076-AFCB-4964-AF84-9820E857C4A4}.Release|Any CPU.ActiveCfg = Release|Any CPU
		{0BD5C076-AFCB-4964-AF84-9820E857C4A4}.Release|Any CPU.Build.0 = Release|Any CPU
		{0BD5C076-AFCB-4964-AF84-9820E857C4A4}.Release|Any CPU.Deploy.0 = Release|Any CPU
		{D4E0347F-23E1-47E1-B2FA-66C4F9E3F43C}.Debug|Any CPU.ActiveCfg = Debug|Any CPU
		{D4E0347F-23E1-47E1-B2FA-66C4F9E3F43C}.Debug|Any CPU.Build.0 = Debug|Any CPU
		{D4E0347F-23E1-47E1-B2FA-66C4F9E3F43C}.Release|Any CPU.ActiveCfg = Release|Any CPU
		{D4E0347F-23E1-47E1-B2FA-66C4F9E3F43C}.Release|Any CPU.Build.0 = Release|Any CPU
		{38C03050-877C-49F9-99EE-8278B380E7C7}.Debug|Any CPU.ActiveCfg = Debug|Any CPU
		{38C03050-877C-49F9-99EE-8278B380E7C7}.Debug|Any CPU.Build.0 = Debug|Any CPU
		{38C03050-877C-49F9-99EE-8278B380E7C7}.Release|Any CPU.ActiveCfg = Release|Any CPU
		{38C03050-877C-49F9-99EE-8278B380E7C7}.Release|Any CPU.Build.0 = Release|Any CPU
	EndGlobalSection
	GlobalSection(SolutionProperties) = preSolution
		HideSolutionNode = FALSE
	EndGlobalSection
	GlobalSection(ExtensibilityGlobals) = postSolution
		SolutionGuid = {4AF4A5AE-AF17-488E-B8FE-DF54018800EE}
	EndGlobalSection
EndGlobal
